
Microsoft Visual Studio Solution File, Format Version 12.00
# Visual Studio Version 17
VisualStudioVersion = 17.8.34330.188
MinimumVisualStudioVersion = 10.0.40219.1
Project("{FAE04EC0-301F-11D3-BF4B-00C04F79EFBC}") = "newWPFWindow", "newWPFWindow\newWPFWindow.csproj", "{DA6E6C77-159A-4A85-BF42-A830027DA5D8}"
EndProject
Global
	GlobalSection(SolutionConfigurationPlatforms) = preSolution
		Debug|Any CPU = Debug|Any CPU
		Release|Any CPU = Release|Any CPU
	EndGlobalSection
	GlobalSection(ProjectConfigurationPlatforms) = postSolution
		{DA6E6C77-159A-4A85-BF42-A830027DA5D8}.Debug|Any CPU.ActiveCfg = Debug|Any CPU
		{DA6E6C77-159A-4A85-BF42-A830027DA5D8}.Debug|Any CPU.Build.0 = Debug|Any CPU
		{DA6E6C77-159A-4A85-BF42-A830027DA5D8}.Release|Any CPU.ActiveCfg = Release|Any CPU
		{DA6E6C77-159A-4A85-BF42-A830027DA5D8}.Release|Any CPU.Build.0 = Release|Any CPU
	EndGlobalSection
	GlobalSection(SolutionProperties) = preSolution
		HideSolutionNode = FALSE
	EndGlobalSection
	GlobalSection(ExtensibilityGlobals) = postSolution
		SolutionGuid = {E3D30536-3DE4-4080-8EAA-A02479AA22B3}
	EndGlobalSection
EndGlobal
